
Microsoft Visual Studio Solution File, Format Version 12.00
# Visual Studio 15
VisualStudioVersion = 15.0.28307.106
MinimumVisualStudioVersion = 10.0.40219.1
Project("{2150E333-8FDC-42A3-9474-1A3956D46DE8}") = "Shared", "Shared", "{58DC8CB2-11DF-48D1-A012-3751DADE3AA0}"
EndProject
Project("{9A19103F-16F7-4668-BE54-9A1E7A4F7556}") = "RLS.Domain.Shared", "RLS.Domain.Shared\RLS.Domain.Shared.csproj", "{86A2A84A-1884-47DC-83EC-7B5A26DAE0DA}"
EndProject
Project("{9A19103F-16F7-4668-BE54-9A1E7A4F7556}") = "RLS.DAL.Shared", "RLS.DAL.Shared\RLS.DAL.Shared.csproj", "{3B6AB697-096B-4A75-A7C3-B523D848FB67}"
EndProject
Project("{9A19103F-16F7-4668-BE54-9A1E7A4F7556}") = "RLS.DAL.EF.Shared", "RLS.DAL.EF.Shared\RLS.DAL.EF.Shared.csproj", "{993F9DF1-63C3-4A9A-B069-21CF0316369D}"
EndProject
Project("{FAE04EC0-301F-11D3-BF4B-00C04F79EFBC}") = "RLS.DAL", "RLS.DAL\RLS.DAL.csproj", "{FF4F31BA-2B0D-491B-8D7F-57C4C9249B06}"
EndProject
Project("{FAE04EC0-301F-11D3-BF4B-00C04F79EFBC}") = "RLS.Domain", "RLS.Domain\RLS.Domain.csproj", "{25F3DF9A-FA3E-4186-A337-08FE59D84FFD}"
EndProject
Project("{FAE04EC0-301F-11D3-BF4B-00C04F79EFBC}") = "RLS.DAL.EF", "RLS.DAL.EF\RLS.DAL.EF.csproj", "{3DBCFBD7-A56E-4CCA-A063-503D105A110F}"
EndProject
Project("{FAE04EC0-301F-11D3-BF4B-00C04F79EFBC}") = "RLS.BLL", "RLS.BLL\RLS.BLL.csproj", "{2A3DB026-4D0E-4744-AA11-0C340B240E6A}"
EndProject
Global
	GlobalSection(SolutionConfigurationPlatforms) = preSolution
		Debug|Any CPU = Debug|Any CPU
		Release|Any CPU = Release|Any CPU
	EndGlobalSection
	GlobalSection(ProjectConfigurationPlatforms) = postSolution
		{86A2A84A-1884-47DC-83EC-7B5A26DAE0DA}.Debug|Any CPU.ActiveCfg = Debug|Any CPU
		{86A2A84A-1884-47DC-83EC-7B5A26DAE0DA}.Debug|Any CPU.Build.0 = Debug|Any CPU
		{86A2A84A-1884-47DC-83EC-7B5A26DAE0DA}.Release|Any CPU.ActiveCfg = Release|Any CPU
		{86A2A84A-1884-47DC-83EC-7B5A26DAE0DA}.Release|Any CPU.Build.0 = Release|Any CPU
		{3B6AB697-096B-4A75-A7C3-B523D848FB67}.Debug|Any CPU.ActiveCfg = Debug|Any CPU
		{3B6AB697-096B-4A75-A7C3-B523D848FB67}.Debug|Any CPU.Build.0 = Debug|Any CPU
		{3B6AB697-096B-4A75-A7C3-B523D848FB67}.Release|Any CPU.ActiveCfg = Release|Any CPU
		{3B6AB697-096B-4A75-A7C3-B523D848FB67}.Release|Any CPU.Build.0 = Release|Any CPU
		{993F9DF1-63C3-4A9A-B069-21CF0316369D}.Debug|Any CPU.ActiveCfg = Debug|Any CPU
		{993F9DF1-63C3-4A9A-B069-21CF0316369D}.Debug|Any CPU.Build.0 = Debug|Any CPU
		{993F9DF1-63C3-4A9A-B069-21CF0316369D}.Release|Any CPU.ActiveCfg = Release|Any CPU
		{993F9DF1-63C3-4A9A-B069-21CF0316369D}.Release|Any CPU.Build.0 = Release|Any CPU
		{FF4F31BA-2B0D-491B-8D7F-57C4C9249B06}.Debug|Any CPU.ActiveCfg = Debug|Any CPU
		{FF4F31BA-2B0D-491B-8D7F-57C4C9249B06}.Debug|Any CPU.Build.0 = Debug|Any CPU
		{FF4F31BA-2B0D-491B-8D7F-57C4C9249B06}.Release|Any CPU.ActiveCfg = Release|Any CPU
		{FF4F31BA-2B0D-491B-8D7F-57C4C9249B06}.Release|Any CPU.Build.0 = Release|Any CPU
		{25F3DF9A-FA3E-4186-A337-08FE59D84FFD}.Debug|Any CPU.ActiveCfg = Debug|Any CPU
		{25F3DF9A-FA3E-4186-A337-08FE59D84FFD}.Debug|Any CPU.Build.0 = Debug|Any CPU
		{25F3DF9A-FA3E-4186-A337-08FE59D84FFD}.Release|Any CPU.ActiveCfg = Release|Any CPU
		{25F3DF9A-FA3E-4186-A337-08FE59D84FFD}.Release|Any CPU.Build.0 = Release|Any CPU
		{3DBCFBD7-A56E-4CCA-A063-503D105A110F}.Debug|Any CPU.ActiveCfg = Debug|Any CPU
		{3DBCFBD7-A56E-4CCA-A063-503D105A110F}.Debug|Any CPU.Build.0 = Debug|Any CPU
		{3DBCFBD7-A56E-4CCA-A063-503D105A110F}.Release|Any CPU.ActiveCfg = Release|Any CPU
		{3DBCFBD7-A56E-4CCA-A063-503D105A110F}.Release|Any CPU.Build.0 = Release|Any CPU
		{2A3DB026-4D0E-4744-AA11-0C340B240E6A}.Debug|Any CPU.ActiveCfg = Debug|Any CPU
		{2A3DB026-4D0E-4744-AA11-0C340B240E6A}.Debug|Any CPU.Build.0 = Debug|Any CPU
		{2A3DB026-4D0E-4744-AA11-0C340B240E6A}.Release|Any CPU.ActiveCfg = Release|Any CPU
		{2A3DB026-4D0E-4744-AA11-0C340B240E6A}.Release|Any CPU.Build.0 = Release|Any CPU
	EndGlobalSection
	GlobalSection(SolutionProperties) = preSolution
		HideSolutionNode = FALSE
	EndGlobalSection
	GlobalSection(NestedProjects) = preSolution
		{86A2A84A-1884-47DC-83EC-7B5A26DAE0DA} = {58DC8CB2-11DF-48D1-A012-3751DADE3AA0}
		{3B6AB697-096B-4A75-A7C3-B523D848FB67} = {58DC8CB2-11DF-48D1-A012-3751DADE3AA0}
		{993F9DF1-63C3-4A9A-B069-21CF0316369D} = {58DC8CB2-11DF-48D1-A012-3751DADE3AA0}
	EndGlobalSection
	GlobalSection(ExtensibilityGlobals) = postSolution
		SolutionGuid = {2B2163AA-54D4-4B7F-9D56-753C769F5A04}
	EndGlobalSection
EndGlobal
